// !$*UTF8*$!
{
	archiveVersion = 1;
	classes = {
	};
	objectVersion = 50;
	objects = {

/* Begin PBXBuildFile section */
		F93060792093D5AB00019BEF /* TextConstants.swift in Sources */ = {isa = PBXBuildFile; fileRef = F93060782093D5AB00019BEF /* TextConstants.swift */; };
		F930607B2093EFC000019BEF /* sample.mp3 in Resources */ = {isa = PBXBuildFile; fileRef = F930607A2093EFBF00019BEF /* sample.mp3 */; };
		F9E9D713208911DE0044DD1F /* AppDelegate.swift in Sources */ = {isa = PBXBuildFile; fileRef = F9E9D712208911DE0044DD1F /* AppDelegate.swift */; };
		F9E9D715208911DE0044DD1F /* art.scnassets in Resources */ = {isa = PBXBuildFile; fileRef = F9E9D714208911DE0044DD1F /* art.scnassets */; };
		F9E9D717208911DF0044DD1F /* ViewController.swift in Sources */ = {isa = PBXBuildFile; fileRef = F9E9D716208911DF0044DD1F /* ViewController.swift */; };
		F9E9D71A208911DF0044DD1F /* Main.storyboard in Resources */ = {isa = PBXBuildFile; fileRef = F9E9D718208911DF0044DD1F /* Main.storyboard */; };
		F9E9D71C208911E10044DD1F /* Assets.xcassets in Resources */ = {isa = PBXBuildFile; fileRef = F9E9D71B208911E10044DD1F /* Assets.xcassets */; };
		F9E9D71F208911E10044DD1F /* LaunchScreen.storyboard in Resources */ = {isa = PBXBuildFile; fileRef = F9E9D71D208911E10044DD1F /* LaunchScreen.storyboard */; };
		F9E9D72A208911E10044DD1F /* MajinTests.swift in Sources */ = {isa = PBXBuildFile; fileRef = F9E9D729208911E10044DD1F /* MajinTests.swift */; };
/* End PBXBuildFile section */

/* Begin PBXContainerItemProxy section */
		F9E9D726208911E10044DD1F /* PBXContainerItemProxy */ = {
			isa = PBXContainerItemProxy;
			containerPortal = F9E9D707208911DE0044DD1F /* Project object */;
			proxyType = 1;
			remoteGlobalIDString = F9E9D70E208911DE0044DD1F;
			remoteInfo = Majin;
		};
/* End PBXContainerItemProxy section */

/* Begin PBXFileReference section */
		F93060782093D5AB00019BEF /* TextConstants.swift */ = {isa = PBXFileReference; lastKnownFileType = sourcecode.swift; path = TextConstants.swift; sourceTree = "<group>"; };
		F930607A2093EFBF00019BEF /* sample.mp3 */ = {isa = PBXFileReference; lastKnownFileType = audio.mp3; path = sample.mp3; sourceTree = "<group>"; };
		F9E9D70F208911DE0044DD1F /* Majin.app */ = {isa = PBXFileReference; explicitFileType = wrapper.application; includeInIndex = 0; path = Majin.app; sourceTree = BUILT_PRODUCTS_DIR; };
		F9E9D712208911DE0044DD1F /* AppDelegate.swift */ = {isa = PBXFileReference; lastKnownFileType = sourcecode.swift; path = AppDelegate.swift; sourceTree = "<group>"; };
		F9E9D714208911DE0044DD1F /* art.scnassets */ = {isa = PBXFileReference; lastKnownFileType = wrapper.scnassets; path = art.scnassets; sourceTree = "<group>"; };
		F9E9D716208911DF0044DD1F /* ViewController.swift */ = {isa = PBXFileReference; lastKnownFileType = sourcecode.swift; path = ViewController.swift; sourceTree = "<group>"; };
		F9E9D719208911DF0044DD1F /* Base */ = {isa = PBXFileReference; lastKnownFileType = file.storyboard; name = Base; path = Base.lproj/Main.storyboard; sourceTree = "<group>"; };
		F9E9D71B208911E10044DD1F /* Assets.xcassets */ = {isa = PBXFileReference; lastKnownFileType = folder.assetcatalog; path = Assets.xcassets; sourceTree = "<group>"; };
		F9E9D71E208911E10044DD1F /* Base */ = {isa = PBXFileReference; lastKnownFileType = file.storyboard; name = Base; path = Base.lproj/LaunchScreen.storyboard; sourceTree = "<group>"; };
		F9E9D720208911E10044DD1F /* Info.plist */ = {isa = PBXFileReference; lastKnownFileType = text.plist.xml; path = Info.plist; sourceTree = "<group>"; };
		F9E9D725208911E10044DD1F /* MajinTests.xctest */ = {isa = PBXFileReference; explicitFileType = wrapper.cfbundle; includeInIndex = 0; path = MajinTests.xctest; sourceTree = BUILT_PRODUCTS_DIR; };
		F9E9D729208911E10044DD1F /* MajinTests.swift */ = {isa = PBXFileReference; lastKnownFileType = sourcecode.swift; path = MajinTests.swift; sourceTree = "<group>"; };
		F9E9D72B208911E10044DD1F /* Info.plist */ = {isa = PBXFileReference; lastKnownFileType = text.plist.xml; path = Info.plist; sourceTree = "<group>"; };
/* End PBXFileReference section */

/* Begin PBXFrameworksBuildPhase section */
		F9E9D70C208911DE0044DD1F /* Frameworks */ = {
			isa = PBXFrameworksBuildPhase;
			buildActionMask = 2147483647;
			files = (
			);
			runOnlyForDeploymentPostprocessing = 0;
		};
		F9E9D722208911E10044DD1F /* Frameworks */ = {
			isa = PBXFrameworksBuildPhase;
			buildActionMask = 2147483647;
			files = (
			);
			runOnlyForDeploymentPostprocessing = 0;
		};
/* End PBXFrameworksBuildPhase section */

/* Begin PBXGroup section */
		F93060772093D56800019BEF /* Speech */ = {
			isa = PBXGroup;
			children = (
				F930607A2093EFBF00019BEF /* sample.mp3 */,
				F93060782093D5AB00019BEF /* TextConstants.swift */,
			);
			path = Speech;
			sourceTree = "<group>";
		};
		F9E9D706208911DE0044DD1F = {
			isa = PBXGroup;
			children = (
				F9E9D711208911DE0044DD1F /* Majin */,
				F9E9D728208911E10044DD1F /* MajinTests */,
				F9E9D710208911DE0044DD1F /* Products */,
			);
			sourceTree = "<group>";
		};
		F9E9D710208911DE0044DD1F /* Products */ = {
			isa = PBXGroup;
			children = (
				F9E9D70F208911DE0044DD1F /* Majin.app */,
				F9E9D725208911E10044DD1F /* MajinTests.xctest */,
			);
			name = Products;
			sourceTree = "<group>";
		};
		F9E9D711208911DE0044DD1F /* Majin */ = {
			isa = PBXGroup;
			children = (
				F93060772093D56800019BEF /* Speech */,
				F9E9D712208911DE0044DD1F /* AppDelegate.swift */,
				F9E9D714208911DE0044DD1F /* art.scnassets */,
				F9E9D716208911DF0044DD1F /* ViewController.swift */,
				F9E9D718208911DF0044DD1F /* Main.storyboard */,
				F9E9D71B208911E10044DD1F /* Assets.xcassets */,
				F9E9D71D208911E10044DD1F /* LaunchScreen.storyboard */,
				F9E9D720208911E10044DD1F /* Info.plist */,
			);
			path = Majin;
			sourceTree = "<group>";
		};
		F9E9D728208911E10044DD1F /* MajinTests */ = {
			isa = PBXGroup;
			children = (
				F9E9D729208911E10044DD1F /* MajinTests.swift */,
				F9E9D72B208911E10044DD1F /* Info.plist */,
			);
			path = MajinTests;
			sourceTree = "<group>";
		};
/* End PBXGroup section */

/* Begin PBXNativeTarget section */
		F9E9D70E208911DE0044DD1F /* Majin */ = {
			isa = PBXNativeTarget;
			buildConfigurationList = F9E9D72E208911E10044DD1F /* Build configuration list for PBXNativeTarget "Majin" */;
			buildPhases = (
				F9E9D70B208911DE0044DD1F /* Sources */,
				F9E9D70C208911DE0044DD1F /* Frameworks */,
				F9E9D70D208911DE0044DD1F /* Resources */,
			);
			buildRules = (
			);
			dependencies = (
			);
			name = Majin;
			productName = Majin;
			productReference = F9E9D70F208911DE0044DD1F /* Majin.app */;
			productType = "com.apple.product-type.application";
		};
		F9E9D724208911E10044DD1F /* MajinTests */ = {
			isa = PBXNativeTarget;
			buildConfigurationList = F9E9D731208911E10044DD1F /* Build configuration list for PBXNativeTarget "MajinTests" */;
			buildPhases = (
				F9E9D721208911E10044DD1F /* Sources */,
				F9E9D722208911E10044DD1F /* Frameworks */,
				F9E9D723208911E10044DD1F /* Resources */,
			);
			buildRules = (
			);
			dependencies = (
				F9E9D727208911E10044DD1F /* PBXTargetDependency */,
			);
			name = MajinTests;
			productName = MajinTests;
			productReference = F9E9D725208911E10044DD1F /* MajinTests.xctest */;
			productType = "com.apple.product-type.bundle.unit-test";
		};
/* End PBXNativeTarget section */

/* Begin PBXProject section */
		F9E9D707208911DE0044DD1F /* Project object */ = {
			isa = PBXProject;
			attributes = {
				LastSwiftUpdateCheck = 0930;
				LastUpgradeCheck = 0930;
				ORGANIZATIONNAME = "Rohit Nair";
				TargetAttributes = {
					F9E9D70E208911DE0044DD1F = {
						CreatedOnToolsVersion = 9.3;
					};
					F9E9D724208911E10044DD1F = {
						CreatedOnToolsVersion = 9.3;
						TestTargetID = F9E9D70E208911DE0044DD1F;
					};
				};
			};
			buildConfigurationList = F9E9D70A208911DE0044DD1F /* Build configuration list for PBXProject "Majin" */;
			compatibilityVersion = "Xcode 9.3";
			developmentRegion = en;
			hasScannedForEncodings = 0;
			knownRegions = (
				en,
				Base,
			);
			mainGroup = F9E9D706208911DE0044DD1F;
			productRefGroup = F9E9D710208911DE0044DD1F /* Products */;
			projectDirPath = "";
			projectRoot = "";
			targets = (
				F9E9D70E208911DE0044DD1F /* Majin */,
				F9E9D724208911E10044DD1F /* MajinTests */,
			);
		};
/* End PBXProject section */

/* Begin PBXResourcesBuildPhase section */
		F9E9D70D208911DE0044DD1F /* Resources */ = {
			isa = PBXResourcesBuildPhase;
			buildActionMask = 2147483647;
			files = (
				F9E9D715208911DE0044DD1F /* art.scnassets in Resources */,
				F9E9D71F208911E10044DD1F /* LaunchScreen.storyboard in Resources */,
				F9E9D71C208911E10044DD1F /* Assets.xcassets in Resources */,
				F930607B2093EFC000019BEF /* sample.mp3 in Resources */,
				F9E9D71A208911DF0044DD1F /* Main.storyboard in Resources */,
			);
			runOnlyForDeploymentPostprocessing = 0;
		};
		F9E9D723208911E10044DD1F /* Resources */ = {
			isa = PBXResourcesBuildPhase;
			buildActionMask = 2147483647;
			files = (
			);
			runOnlyForDeploymentPostprocessing = 0;
		};
/* End PBXResourcesBuildPhase section */

/* Begin PBXSourcesBuildPhase section */
		F9E9D70B208911DE0044DD1F /* Sources */ = {
			isa = PBXSourcesBuildPhase;
			buildActionMask = 2147483647;
			files = (
				F9E9D717208911DF0044DD1F /* ViewController.swift in Sources */,
				F93060792093D5AB00019BEF /* TextConstants.swift in Sources */,
				F9E9D713208911DE0044DD1F /* AppDelegate.swift in Sources */,
			);
			runOnlyForDeploymentPostprocessing = 0;
		};
		F9E9D721208911E10044DD1F /* Sources */ = {
			isa = PBXSourcesBuildPhase;
			buildActionMask = 2147483647;
			files = (
				F9E9D72A208911E10044DD1F /* MajinTests.swift in Sources */,
			);
			runOnlyForDeploymentPostprocessing = 0;
		};
/* End PBXSourcesBuildPhase section */

/* Begin PBXTargetDependency section */
		F9E9D727208911E10044DD1F /* PBXTargetDependency */ = {
			isa = PBXTargetDependency;
			target = F9E9D70E208911DE0044DD1F /* Majin */;
			targetProxy = F9E9D726208911E10044DD1F /* PBXContainerItemProxy */;
		};
/* End PBXTargetDependency section */

/* Begin PBXVariantGroup section */
		F9E9D718208911DF0044DD1F /* Main.storyboard */ = {
			isa = PBXVariantGroup;
			children = (
				F9E9D719208911DF0044DD1F /* Base */,
			);
			name = Main.storyboard;
			sourceTree = "<group>";
		};
		F9E9D71D208911E10044DD1F /* LaunchScreen.storyboard */ = {
			isa = PBXVariantGroup;
			children = (
				F9E9D71E208911E10044DD1F /* Base */,
			);
			name = LaunchScreen.storyboard;
			sourceTree = "<group>";
		};
/* End PBXVariantGroup section */

/* Begin XCBuildConfiguration section */
		F9E9D72C208911E10044DD1F /* Debug */ = {
			isa = XCBuildConfiguration;
			buildSettings = {
				ALWAYS_SEARCH_USER_PATHS = NO;
				CLANG_ANALYZER_NONNULL = YES;
				CLANG_ANALYZER_NUMBER_OBJECT_CONVERSION = YES_AGGRESSIVE;
				CLANG_CXX_LANGUAGE_STANDARD = "gnu++14";
				CLANG_CXX_LIBRARY = "libc++";
				CLANG_ENABLE_MODULES = YES;
				CLANG_ENABLE_OBJC_ARC = YES;
				CLANG_ENABLE_OBJC_WEAK = YES;
				CLANG_WARN_BLOCK_CAPTURE_AUTORELEASING = YES;
				CLANG_WARN_BOOL_CONVERSION = YES;
				CLANG_WARN_COMMA = YES;
				CLANG_WARN_CONSTANT_CONVERSION = YES;
				CLANG_WARN_DEPRECATED_OBJC_IMPLEMENTATIONS = YES;
				CLANG_WARN_DIRECT_OBJC_ISA_USAGE = YES_ERROR;
				CLANG_WARN_DOCUMENTATION_COMMENTS = YES;
				CLANG_WARN_EMPTY_BODY = YES;
				CLANG_WARN_ENUM_CONVERSION = YES;
				CLANG_WARN_INFINITE_RECURSION = YES;
				CLANG_WARN_INT_CONVERSION = YES;
				CLANG_WARN_NON_LITERAL_NULL_CONVERSION = YES;
				CLANG_WARN_OBJC_IMPLICIT_RETAIN_SELF = YES;
				CLANG_WARN_OBJC_LITERAL_CONVERSION = YES;
				CLANG_WARN_OBJC_ROOT_CLASS = YES_ERROR;
				CLANG_WARN_RANGE_LOOP_ANALYSIS = YES;
				CLANG_WARN_STRICT_PROTOTYPES = YES;
				CLANG_WARN_SUSPICIOUS_MOVE = YES;
				CLANG_WARN_UNGUARDED_AVAILABILITY = YES_AGGRESSIVE;
				CLANG_WARN_UNREACHABLE_CODE = YES;
				CLANG_WARN__DUPLICATE_METHOD_MATCH = YES;
				CODE_SIGN_IDENTITY = "iPhone Developer";
				COPY_PHASE_STRIP = NO;
				DEBUG_INFORMATION_FORMAT = dwarf;
				ENABLE_STRICT_OBJC_MSGSEND = YES;
				ENABLE_TESTABILITY = YES;
				GCC_C_LANGUAGE_STANDARD = gnu11;
				GCC_DYNAMIC_NO_PIC = NO;
				GCC_NO_COMMON_BLOCKS = YES;
				GCC_OPTIMIZATION_LEVEL = 0;
				GCC_PREPROCESSOR_DEFINITIONS = (
					"DEBUG=1",
					"$(inherited)",
				);
				GCC_WARN_64_TO_32_BIT_CONVERSION = YES;
				GCC_WARN_ABOUT_RETURN_TYPE = YES_ERROR;
				GCC_WARN_UNDECLARED_SELECTOR = YES;
				GCC_WARN_UNINITIALIZED_AUTOS = YES_AGGRESSIVE;
				GCC_WARN_UNUSED_FUNCTION = YES;
				GCC_WARN_UNUSED_VARIABLE = YES;
				IPHONEOS_DEPLOYMENT_TARGET = 11.3;
				MTL_ENABLE_DEBUG_INFO = YES;
				ONLY_ACTIVE_ARCH = YES;
				SDKROOT = iphoneos;
				SWIFT_ACTIVE_COMPILATION_CONDITIONS = DEBUG;
				SWIFT_OPTIMIZATION_LEVEL = "-Onone";
			};
			name = Debug;
		};
		F9E9D72D208911E10044DD1F /* Release */ = {
			isa = XCBuildConfiguration;
			buildSettings = {
				ALWAYS_SEARCH_USER_PATHS = NO;
				CLANG_ANALYZER_NONNULL = YES;
				CLANG_ANALYZER_NUMBER_OBJECT_CONVERSION = YES_AGGRESSIVE;
				CLANG_CXX_LANGUAGE_STANDARD = "gnu++14";
				CLANG_CXX_LIBRARY = "libc++";
				CLANG_ENABLE_MODULES = YES;
				CLANG_ENABLE_OBJC_ARC = YES;
				CLANG_ENABLE_OBJC_WEAK = YES;
				CLANG_WARN_BLOCK_CAPTURE_AUTORELEASING = YES;
				CLANG_WARN_BOOL_CONVERSION = YES;
				CLANG_WARN_COMMA = YES;
				CLANG_WARN_CONSTANT_CONVERSION = YES;
				CLANG_WARN_DEPRECATED_OBJC_IMPLEMENTATIONS = YES;
				CLANG_WARN_DIRECT_OBJC_ISA_USAGE = YES_ERROR;
				CLANG_WARN_DOCUMENTATION_COMMENTS = YES;
				CLANG_WARN_EMPTY_BODY = YES;
				CLANG_WARN_ENUM_CONVERSION = YES;
				CLANG_WARN_INFINITE_RECURSION = YES;
				CLANG_WARN_INT_CONVERSION = YES;
				CLANG_WARN_NON_LITERAL_NULL_CONVERSION = YES;
				CLANG_WARN_OBJC_IMPLICIT_RETAIN_SELF = YES;
				CLANG_WARN_OBJC_LITERAL_CONVERSION = YES;
				CLANG_WARN_OBJC_ROOT_CLASS = YES_ERROR;
				CLANG_WARN_RANGE_LOOP_ANALYSIS = YES;
				CLANG_WARN_STRICT_PROTOTYPES = YES;
				CLANG_WARN_SUSPICIOUS_MOVE = YES;
				CLANG_WARN_UNGUARDED_AVAILABILITY = YES_AGGRESSIVE;
				CLANG_WARN_UNREACHABLE_CODE = YES;
				CLANG_WARN__DUPLICATE_METHOD_MATCH = YES;
				CODE_SIGN_IDENTITY = "iPhone Developer";
				COPY_PHASE_STRIP = NO;
				DEBUG_INFORMATION_FORMAT = "dwarf-with-dsym";
				ENABLE_NS_ASSERTIONS = NO;
				ENABLE_STRICT_OBJC_MSGSEND = YES;
				GCC_C_LANGUAGE_STANDARD = gnu11;
				GCC_NO_COMMON_BLOCKS = YES;
				GCC_WARN_64_TO_32_BIT_CONVERSION = YES;
				GCC_WARN_ABOUT_RETURN_TYPE = YES_ERROR;
				GCC_WARN_UNDECLARED_SELECTOR = YES;
				GCC_WARN_UNINITIALIZED_AUTOS = YES_AGGRESSIVE;
				GCC_WARN_UNUSED_FUNCTION = YES;
				GCC_WARN_UNUSED_VARIABLE = YES;
				IPHONEOS_DEPLOYMENT_TARGET = 11.3;
				MTL_ENABLE_DEBUG_INFO = NO;
				SDKROOT = iphoneos;
				SWIFT_COMPILATION_MODE = wholemodule;
				SWIFT_OPTIMIZATION_LEVEL = "-O";
				VALIDATE_PRODUCT = YES;
			};
			name = Release;
		};
		F9E9D72F208911E10044DD1F /* Debug */ = {
			isa = XCBuildConfiguration;
			buildSettings = {
				ASSETCATALOG_COMPILER_APPICON_NAME = AppIcon;
				CODE_SIGN_STYLE = Automatic;
				DEVELOPMENT_TEAM = Q2SL47R79F;
				INFOPLIST_FILE = Majin/Info.plist;
				LD_RUNPATH_SEARCH_PATHS = (
					"$(inherited)",
					"@executable_path/Frameworks",
				);
				PRODUCT_BUNDLE_IDENTIFIER = com.rohit.Majin;
				PRODUCT_NAME = "$(TARGET_NAME)";
				SWIFT_VERSION = 4.0;
				TARGETED_DEVICE_FAMILY = "1,2";
			};
			name = Debug;
		};
		F9E9D730208911E10044DD1F /* Release */ = {
			isa = XCBuildConfiguration;
			buildSettings = {
				ASSETCATALOG_COMPILER_APPICON_NAME = AppIcon;
				CODE_SIGN_STYLE = Automatic;
				DEVELOPMENT_TEAM = Q2SL47R79F;
				INFOPLIST_FILE = Majin/Info.plist;
				LD_RUNPATH_SEARCH_PATHS = (
					"$(inherited)",
					"@executable_path/Frameworks",
				);
				PRODUCT_BUNDLE_IDENTIFIER = com.rohit.Majin;
				PRODUCT_NAME = "$(TARGET_NAME)";
				SWIFT_VERSION = 4.0;
				TARGETED_DEVICE_FAMILY = "1,2";
			};
			name = Release;
		};
		F9E9D732208911E10044DD1F /* Debug */ = {
			isa = XCBuildConfiguration;
			buildSettings = {
				ALWAYS_EMBED_SWIFT_STANDARD_LIBRARIES = YES;
				BUNDLE_LOADER = "$(TEST_HOST)";
				CODE_SIGN_STYLE = Automatic;
				DEVELOPMENT_TEAM = Q2SL47R79F;
				INFOPLIST_FILE = MajinTests/Info.plist;
				LD_RUNPATH_SEARCH_PATHS = (
					"$(inherited)",
					"@executable_path/Frameworks",
					"@loader_path/Frameworks",
				);
				PRODUCT_BUNDLE_IDENTIFIER = com.rohit.MajinTests;
				PRODUCT_NAME = "$(TARGET_NAME)";
				SWIFT_VERSION = 4.0;
				TARGETED_DEVICE_FAMILY = "1,2";
				TEST_HOST = "$(BUILT_PRODUCTS_DIR)/Majin.app/Majin";
			};
			name = Debug;
		};
		F9E9D733208911E10044DD1F /* Release */ = {
			isa = XCBuildConfiguration;
			buildSettings = {
				ALWAYS_EMBED_SWIFT_STANDARD_LIBRARIES = YES;
				BUNDLE_LOADER = "$(TEST_HOST)";
				CODE_SIGN_STYLE = Automatic;
				DEVELOPMENT_TEAM = Q2SL47R79F;
				INFOPLIST_FILE = MajinTests/Info.plist;
				LD_RUNPATH_SEARCH_PATHS = (
					"$(inherited)",
					"@executable_path/Frameworks",
					"@loader_path/Frameworks",
				);
				PRODUCT_BUNDLE_IDENTIFIER = com.rohit.MajinTests;
				PRODUCT_NAME = "$(TARGET_NAME)";
				SWIFT_VERSION = 4.0;
				TARGETED_DEVICE_FAMILY = "1,2";
				TEST_HOST = "$(BUILT_PRODUCTS_DIR)/Majin.app/Majin";
			};
			name = Release;
		};
/* End XCBuildConfiguration section */

/* Begin XCConfigurationList section */
		F9E9D70A208911DE0044DD1F /* Build configuration list for PBXProject "Majin" */ = {
			isa = XCConfigurationList;
			buildConfigurations = (
				F9E9D72C208911E10044DD1F /* Debug */,
				F9E9D72D208911E10044DD1F /* Release */,
			);
			defaultConfigurationIsVisible = 0;
			defaultConfigurationName = Release;
		};
		F9E9D72E208911E10044DD1F /* Build configuration list for PBXNativeTarget "Majin" */ = {
			isa = XCConfigurationList;
			buildConfigurations = (
				F9E9D72F208911E10044DD1F /* Debug */,
				F9E9D730208911E10044DD1F /* Release */,
			);
			defaultConfigurationIsVisible = 0;
			defaultConfigurationName = Release;
		};
		F9E9D731208911E10044DD1F /* Build configuration list for PBXNativeTarget "MajinTests" */ = {
			isa = XCConfigurationList;
			buildConfigurations = (
				F9E9D732208911E10044DD1F /* Debug */,
				F9E9D733208911E10044DD1F /* Release */,
			);
			defaultConfigurationIsVisible = 0;
			defaultConfigurationName = Release;
		};
/* End XCConfigurationList section */
	};
	rootObject = F9E9D707208911DE0044DD1F /* Project object */;
}
